
Microsoft Visual Studio Solution File, Format Version 12.00
# Visual Studio Version 17
VisualStudioVersion = 17.3.32804.467
MinimumVisualStudioVersion = 10.0.40219.1
Project("{FAE04EC0-301F-11D3-BF4B-00C04F79EFBC}") = "TestRDP", "TestRDP\TestRDP.csproj", "{4E9AFFC0-C727-4670-80E5-E2EDFD91A41C}"
EndProject
Global
	GlobalSection(SolutionConfigurationPlatforms) = preSolution
		Debug|Any CPU = Debug|Any CPU
		Release|Any CPU = Release|Any CPU
	EndGlobalSection
	GlobalSection(ProjectConfigurationPlatforms) = postSolution
		{4E9AFFC0-C727-4670-80E5-E2EDFD91A41C}.Debug|Any CPU.ActiveCfg = Debug|Any CPU
		{4E9AFFC0-C727-4670-80E5-E2EDFD91A41C}.Debug|Any CPU.Build.0 = Debug|Any CPU
		{4E9AFFC0-C727-4670-80E5-E2EDFD91A41C}.Release|Any CPU.ActiveCfg = Release|Any CPU
		{4E9AFFC0-C727-4670-80E5-E2EDFD91A41C}.Release|Any CPU.Build.0 = Release|Any CPU
	EndGlobalSection
	GlobalSection(SolutionProperties) = preSolution
		HideSolutionNode = FALSE
	EndGlobalSection
	GlobalSection(ExtensibilityGlobals) = postSolution
		SolutionGuid = {7F96743D-44BC-43AF-85A4-E889992BB37F}
	EndGlobalSection
EndGlobal
